// !$*UTF8*$!
{
	archiveVersion = 1;
	classes = {
	};
	objectVersion = 46;
	objects = {

/* Begin PBXBuildFile section */
		018DF1C71E86221D00DE51EA /* main.m in Sources */ = {isa = PBXBuildFile; fileRef = 018DF1C61E86221D00DE51EA /* main.m */; };
		018DF1CA1E86221D00DE51EA /* AppDelegate.m in Sources */ = {isa = PBXBuildFile; fileRef = 018DF1C91E86221D00DE51EA /* AppDelegate.m */; };
		018DF1CD1E86221D00DE51EA /* HRTutorialViewController.m in Sources */ = {isa = PBXBuildFile; fileRef = 018DF1CC1E86221D00DE51EA /* HRTutorialViewController.m */; };
		018DF1D01E86221D00DE51EA /* Main.storyboard in Resources */ = {isa = PBXBuildFile; fileRef = 018DF1CE1E86221D00DE51EA /* Main.storyboard */; };
		018DF1D21E86221D00DE51EA /* Assets.xcassets in Resources */ = {isa = PBXBuildFile; fileRef = 018DF1D11E86221D00DE51EA /* Assets.xcassets */; };
		018DF1D51E86221D00DE51EA /* LaunchScreen.storyboard in Resources */ = {isa = PBXBuildFile; fileRef = 018DF1D31E86221D00DE51EA /* LaunchScreen.storyboard */; };
		018DF1E61E8623E700DE51EA /* HRLogin.storyboard in Resources */ = {isa = PBXBuildFile; fileRef = 018DF1E51E8623E700DE51EA /* HRLogin.storyboard */; };
		018DF1E81E8623F500DE51EA /* HRSignup.storyboard in Resources */ = {isa = PBXBuildFile; fileRef = 018DF1E71E8623F500DE51EA /* HRSignup.storyboard */; };
		018DF1EB1E8624D500DE51EA /* HRTutorial.storyboard in Resources */ = {isa = PBXBuildFile; fileRef = 018DF1EA1E8624D500DE51EA /* HRTutorial.storyboard */; };
		01CB50B21E8A28810024CC4C /* HRLoginViewController.m in Sources */ = {isa = PBXBuildFile; fileRef = 01CB50B11E8A28810024CC4C /* HRLoginViewController.m */; };
		01DE686D1E89190F004678FA /* HRMainView.storyboard in Resources */ = {isa = PBXBuildFile; fileRef = 01DE686C1E89190F004678FA /* HRMainView.storyboard */; };
		01DE68711E8919D7004678FA /* HRSignupViewController.m in Sources */ = {isa = PBXBuildFile; fileRef = 01DE68701E8919D7004678FA /* HRSignupViewController.m */; };
/* End PBXBuildFile section */

/* Begin PBXFileReference section */
		018DF1C21E86221D00DE51EA /* Haru.app */ = {isa = PBXFileReference; explicitFileType = wrapper.application; includeInIndex = 0; path = Haru.app; sourceTree = BUILT_PRODUCTS_DIR; };
		018DF1C61E86221D00DE51EA /* main.m */ = {isa = PBXFileReference; lastKnownFileType = sourcecode.c.objc; path = main.m; sourceTree = "<group>"; };
		018DF1C81E86221D00DE51EA /* AppDelegate.h */ = {isa = PBXFileReference; lastKnownFileType = sourcecode.c.h; path = AppDelegate.h; sourceTree = "<group>"; };
		018DF1C91E86221D00DE51EA /* AppDelegate.m */ = {isa = PBXFileReference; lastKnownFileType = sourcecode.c.objc; path = AppDelegate.m; sourceTree = "<group>"; };
		018DF1CB1E86221D00DE51EA /* HRTutorialViewController.h */ = {isa = PBXFileReference; lastKnownFileType = sourcecode.c.h; path = HRTutorialViewController.h; sourceTree = "<group>"; };
		018DF1CC1E86221D00DE51EA /* HRTutorialViewController.m */ = {isa = PBXFileReference; lastKnownFileType = sourcecode.c.objc; path = HRTutorialViewController.m; sourceTree = "<group>"; };
		018DF1CF1E86221D00DE51EA /* Base */ = {isa = PBXFileReference; lastKnownFileType = file.storyboard; name = Base; path = Base.lproj/Main.storyboard; sourceTree = "<group>"; };
		018DF1D11E86221D00DE51EA /* Assets.xcassets */ = {isa = PBXFileReference; lastKnownFileType = folder.assetcatalog; path = Assets.xcassets; sourceTree = "<group>"; };
		018DF1D41E86221D00DE51EA /* Base */ = {isa = PBXFileReference; lastKnownFileType = file.storyboard; name = Base; path = Base.lproj/LaunchScreen.storyboard; sourceTree = "<group>"; };
		018DF1D61E86221D00DE51EA /* Info.plist */ = {isa = PBXFileReference; lastKnownFileType = text.plist.xml; path = Info.plist; sourceTree = "<group>"; };
		018DF1E51E8623E700DE51EA /* HRLogin.storyboard */ = {isa = PBXFileReference; fileEncoding = 4; lastKnownFileType = file.storyboard; path = HRLogin.storyboard; sourceTree = "<group>"; };
		018DF1E71E8623F500DE51EA /* HRSignup.storyboard */ = {isa = PBXFileReference; fileEncoding = 4; lastKnownFileType = file.storyboard; path = HRSignup.storyboard; sourceTree = "<group>"; };
		018DF1EA1E8624D500DE51EA /* HRTutorial.storyboard */ = {isa = PBXFileReference; fileEncoding = 4; lastKnownFileType = file.storyboard; path = HRTutorial.storyboard; sourceTree = "<group>"; };
		01CB50B01E8A28810024CC4C /* HRLoginViewController.h */ = {isa = PBXFileReference; fileEncoding = 4; lastKnownFileType = sourcecode.c.h; path = HRLoginViewController.h; sourceTree = "<group>"; };
		01CB50B11E8A28810024CC4C /* HRLoginViewController.m */ = {isa = PBXFileReference; fileEncoding = 4; lastKnownFileType = sourcecode.c.objc; path = HRLoginViewController.m; sourceTree = "<group>"; };
		01DE686C1E89190F004678FA /* HRMainView.storyboard */ = {isa = PBXFileReference; fileEncoding = 4; lastKnownFileType = file.storyboard; path = HRMainView.storyboard; sourceTree = "<group>"; };
		01DE686F1E8919D7004678FA /* HRSignupViewController.h */ = {isa = PBXFileReference; fileEncoding = 4; lastKnownFileType = sourcecode.c.h; path = HRSignupViewController.h; sourceTree = "<group>"; };
		01DE68701E8919D7004678FA /* HRSignupViewController.m */ = {isa = PBXFileReference; fileEncoding = 4; lastKnownFileType = sourcecode.c.objc; path = HRSignupViewController.m; sourceTree = "<group>"; };
/* End PBXFileReference section */

/* Begin PBXFrameworksBuildPhase section */
		018DF1BF1E86221D00DE51EA /* Frameworks */ = {
			isa = PBXFrameworksBuildPhase;
			buildActionMask = 2147483647;
			files = (
			);
			runOnlyForDeploymentPostprocessing = 0;
		};
/* End PBXFrameworksBuildPhase section */

/* Begin PBXGroup section */
		018DF1B91E86221D00DE51EA = {
			isa = PBXGroup;
			children = (
				018DF1C41E86221D00DE51EA /* Haru */,
				018DF1C31E86221D00DE51EA /* Products */,
			);
			sourceTree = "<group>";
		};
		018DF1C31E86221D00DE51EA /* Products */ = {
			isa = PBXGroup;
			children = (
				018DF1C21E86221D00DE51EA /* Haru.app */,
			);
			name = Products;
			sourceTree = "<group>";
		};
		018DF1C41E86221D00DE51EA /* Haru */ = {
			isa = PBXGroup;
			children = (
				018DF1DC1E86223500DE51EA /* AppDelegate */,
				018DF1DD1E86225100DE51EA /* Model */,
				018DF1DE1E86225D00DE51EA /* View */,
				018DF1DF1E86226800DE51EA /* Controller */,
				018DF1D11E86221D00DE51EA /* Assets.xcassets */,
				018DF1D31E86221D00DE51EA /* LaunchScreen.storyboard */,
				018DF1D61E86221D00DE51EA /* Info.plist */,
				018DF1C51E86221D00DE51EA /* Supporting Files */,
			);
			path = Haru;
			sourceTree = "<group>";
		};
		018DF1C51E86221D00DE51EA /* Supporting Files */ = {
			isa = PBXGroup;
			children = (
				018DF1C61E86221D00DE51EA /* main.m */,
			);
			name = "Supporting Files";
			sourceTree = "<group>";
		};
		018DF1DC1E86223500DE51EA /* AppDelegate */ = {
			isa = PBXGroup;
			children = (
				018DF1C81E86221D00DE51EA /* AppDelegate.h */,
				018DF1C91E86221D00DE51EA /* AppDelegate.m */,
			);
			name = AppDelegate;
			sourceTree = "<group>";
		};
		018DF1DD1E86225100DE51EA /* Model */ = {
			isa = PBXGroup;
			children = (
			);
			name = Model;
			sourceTree = "<group>";
		};
		018DF1DE1E86225D00DE51EA /* View */ = {
			isa = PBXGroup;
			children = (
				018DF1CE1E86221D00DE51EA /* Main.storyboard */,
				018DF1E91E86240E00DE51EA /* Tutorial */,
				018DF1E41E86237300DE51EA /* Members */,
				01DE68691E8918A0004678FA /* Main */,
			);
			name = View;
			sourceTree = "<group>";
		};
		018DF1DF1E86226800DE51EA /* Controller */ = {
			isa = PBXGroup;
			children = (
				01DE68621E88D13C004678FA /* Tutorial */,
				01DE686E1E891977004678FA /* Signup */,
				01CB50AF1E8A28430024CC4C /* Login */,
			);
			name = Controller;
			sourceTree = "<group>";
		};
		018DF1E41E86237300DE51EA /* Members */ = {
			isa = PBXGroup;
			children = (
				018DF1E51E8623E700DE51EA /* HRLogin.storyboard */,
				018DF1E71E8623F500DE51EA /* HRSignup.storyboard */,
			);
			name = Members;
			sourceTree = "<group>";
		};
		018DF1E91E86240E00DE51EA /* Tutorial */ = {
			isa = PBXGroup;
			children = (
				018DF1EA1E8624D500DE51EA /* HRTutorial.storyboard */,
			);
			name = Tutorial;
			sourceTree = "<group>";
		};
		01CB50AF1E8A28430024CC4C /* Login */ = {
			isa = PBXGroup;
			children = (
				01CB50B01E8A28810024CC4C /* HRLoginViewController.h */,
				01CB50B11E8A28810024CC4C /* HRLoginViewController.m */,
			);
			name = Login;
			sourceTree = "<group>";
		};
		01DE68621E88D13C004678FA /* Tutorial */ = {
			isa = PBXGroup;
			children = (
				018DF1CB1E86221D00DE51EA /* HRTutorialViewController.h */,
				018DF1CC1E86221D00DE51EA /* HRTutorialViewController.m */,
			);
			name = Tutorial;
			sourceTree = "<group>";
		};
		01DE68691E8918A0004678FA /* Main */ = {
			isa = PBXGroup;
			children = (
				01DE686C1E89190F004678FA /* HRMainView.storyboard */,
			);
			name = Main;
			sourceTree = "<group>";
		};
		01DE686E1E891977004678FA /* Signup */ = {
			isa = PBXGroup;
			children = (
				01DE686F1E8919D7004678FA /* HRSignupViewController.h */,
				01DE68701E8919D7004678FA /* HRSignupViewController.m */,
			);
			name = Signup;
			sourceTree = "<group>";
		};
/* End PBXGroup section */

/* Begin PBXNativeTarget section */
		018DF1C11E86221D00DE51EA /* Haru */ = {
			isa = PBXNativeTarget;
			buildConfigurationList = 018DF1D91E86221D00DE51EA /* Build configuration list for PBXNativeTarget "Haru" */;
			buildPhases = (
				018DF1BE1E86221D00DE51EA /* Sources */,
				018DF1BF1E86221D00DE51EA /* Frameworks */,
				018DF1C01E86221D00DE51EA /* Resources */,
			);
			buildRules = (
			);
			dependencies = (
			);
			name = Haru;
			productName = Haru;
			productReference = 018DF1C21E86221D00DE51EA /* Haru.app */;
			productType = "com.apple.product-type.application";
		};
/* End PBXNativeTarget section */

/* Begin PBXProject section */
		018DF1BA1E86221D00DE51EA /* Project object */ = {
			isa = PBXProject;
			attributes = {
				LastUpgradeCheck = 0820;
				ORGANIZATIONNAME = jcy;
				TargetAttributes = {
					018DF1C11E86221D00DE51EA = {
						CreatedOnToolsVersion = 8.2.1;
						ProvisioningStyle = Automatic;
					};
				};
			};
			buildConfigurationList = 018DF1BD1E86221D00DE51EA /* Build configuration list for PBXProject "Haru" */;
			compatibilityVersion = "Xcode 3.2";
			developmentRegion = English;
			hasScannedForEncodings = 0;
			knownRegions = (
				en,
				Base,
			);
			mainGroup = 018DF1B91E86221D00DE51EA;
			productRefGroup = 018DF1C31E86221D00DE51EA /* Products */;
			projectDirPath = "";
			projectRoot = "";
			targets = (
				018DF1C11E86221D00DE51EA /* Haru */,
			);
		};
/* End PBXProject section */

/* Begin PBXResourcesBuildPhase section */
		018DF1C01E86221D00DE51EA /* Resources */ = {
			isa = PBXResourcesBuildPhase;
			buildActionMask = 2147483647;
			files = (
				018DF1D51E86221D00DE51EA /* LaunchScreen.storyboard in Resources */,
				018DF1EB1E8624D500DE51EA /* HRTutorial.storyboard in Resources */,
				018DF1D21E86221D00DE51EA /* Assets.xcassets in Resources */,
				018DF1D01E86221D00DE51EA /* Main.storyboard in Resources */,
				01DE686D1E89190F004678FA /* HRMainView.storyboard in Resources */,
				018DF1E81E8623F500DE51EA /* HRSignup.storyboard in Resources */,
				018DF1E61E8623E700DE51EA /* HRLogin.storyboard in Resources */,
			);
			runOnlyForDeploymentPostprocessing = 0;
		};
/* End PBXResourcesBuildPhase section */

/* Begin PBXSourcesBuildPhase section */
		018DF1BE1E86221D00DE51EA /* Sources */ = {
			isa = PBXSourcesBuildPhase;
			buildActionMask = 2147483647;
			files = (
				018DF1CD1E86221D00DE51EA /* HRTutorialViewController.m in Sources */,
				018DF1CA1E86221D00DE51EA /* AppDelegate.m in Sources */,
				01DE68711E8919D7004678FA /* HRSignupViewController.m in Sources */,
				01CB50B21E8A28810024CC4C /* HRLoginViewController.m in Sources */,
				018DF1C71E86221D00DE51EA /* main.m in Sources */,
			);
			runOnlyForDeploymentPostprocessing = 0;
		};
/* End PBXSourcesBuildPhase section */

/* Begin PBXVariantGroup section */
		018DF1CE1E86221D00DE51EA /* Main.storyboard */ = {
			isa = PBXVariantGroup;
			children = (
				018DF1CF1E86221D00DE51EA /* Base */,
			);
			name = Main.storyboard;
			sourceTree = "<group>";
		};
		018DF1D31E86221D00DE51EA /* LaunchScreen.storyboard */ = {
			isa = PBXVariantGroup;
			children = (
				018DF1D41E86221D00DE51EA /* Base */,
			);
			name = LaunchScreen.storyboard;
			sourceTree = "<group>";
		};
/* End PBXVariantGroup section */

/* Begin XCBuildConfiguration section */
		018DF1D71E86221D00DE51EA /* Debug */ = {
			isa = XCBuildConfiguration;
			buildSettings = {
				ALWAYS_SEARCH_USER_PATHS = NO;
				CLANG_ANALYZER_NONNULL = YES;
				CLANG_CXX_LANGUAGE_STANDARD = "gnu++0x";
				CLANG_CXX_LIBRARY = "libc++";
				CLANG_ENABLE_MODULES = YES;
				CLANG_ENABLE_OBJC_ARC = YES;
				CLANG_WARN_BOOL_CONVERSION = YES;
				CLANG_WARN_CONSTANT_CONVERSION = YES;
				CLANG_WARN_DIRECT_OBJC_ISA_USAGE = YES_ERROR;
				CLANG_WARN_DOCUMENTATION_COMMENTS = YES;
				CLANG_WARN_EMPTY_BODY = YES;
				CLANG_WARN_ENUM_CONVERSION = YES;
				CLANG_WARN_INFINITE_RECURSION = YES;
				CLANG_WARN_INT_CONVERSION = YES;
				CLANG_WARN_OBJC_ROOT_CLASS = YES_ERROR;
				CLANG_WARN_SUSPICIOUS_MOVE = YES;
				CLANG_WARN_UNREACHABLE_CODE = YES;
				CLANG_WARN__DUPLICATE_METHOD_MATCH = YES;
				"CODE_SIGN_IDENTITY[sdk=iphoneos*]" = "iPhone Developer";
				COPY_PHASE_STRIP = NO;
				DEBUG_INFORMATION_FORMAT = dwarf;
				ENABLE_STRICT_OBJC_MSGSEND = YES;
				ENABLE_TESTABILITY = YES;
				GCC_C_LANGUAGE_STANDARD = gnu99;
				GCC_DYNAMIC_NO_PIC = NO;
				GCC_NO_COMMON_BLOCKS = YES;
				GCC_OPTIMIZATION_LEVEL = 0;
				GCC_PREPROCESSOR_DEFINITIONS = (
					"DEBUG=1",
					"$(inherited)",
				);
				GCC_WARN_64_TO_32_BIT_CONVERSION = YES;
				GCC_WARN_ABOUT_RETURN_TYPE = YES_ERROR;
				GCC_WARN_UNDECLARED_SELECTOR = YES;
				GCC_WARN_UNINITIALIZED_AUTOS = YES_AGGRESSIVE;
				GCC_WARN_UNUSED_FUNCTION = YES;
				GCC_WARN_UNUSED_VARIABLE = YES;
				IPHONEOS_DEPLOYMENT_TARGET = 10.2;
				MTL_ENABLE_DEBUG_INFO = YES;
				ONLY_ACTIVE_ARCH = YES;
				SDKROOT = iphoneos;
			};
			name = Debug;
		};
		018DF1D81E86221D00DE51EA /* Release */ = {
			isa = XCBuildConfiguration;
			buildSettings = {
				ALWAYS_SEARCH_USER_PATHS = NO;
				CLANG_ANALYZER_NONNULL = YES;
				CLANG_CXX_LANGUAGE_STANDARD = "gnu++0x";
				CLANG_CXX_LIBRARY = "libc++";
				CLANG_ENABLE_MODULES = YES;
				CLANG_ENABLE_OBJC_ARC = YES;
				CLANG_WARN_BOOL_CONVERSION = YES;
				CLANG_WARN_CONSTANT_CONVERSION = YES;
				CLANG_WARN_DIRECT_OBJC_ISA_USAGE = YES_ERROR;
				CLANG_WARN_DOCUMENTATION_COMMENTS = YES;
				CLANG_WARN_EMPTY_BODY = YES;
				CLANG_WARN_ENUM_CONVERSION = YES;
				CLANG_WARN_INFINITE_RECURSION = YES;
				CLANG_WARN_INT_CONVERSION = YES;
				CLANG_WARN_OBJC_ROOT_CLASS = YES_ERROR;
				CLANG_WARN_SUSPICIOUS_MOVE = YES;
				CLANG_WARN_UNREACHABLE_CODE = YES;
				CLANG_WARN__DUPLICATE_METHOD_MATCH = YES;
				"CODE_SIGN_IDENTITY[sdk=iphoneos*]" = "iPhone Developer";
				COPY_PHASE_STRIP = NO;
				DEBUG_INFORMATION_FORMAT = "dwarf-with-dsym";
				ENABLE_NS_ASSERTIONS = NO;
				ENABLE_STRICT_OBJC_MSGSEND = YES;
				GCC_C_LANGUAGE_STANDARD = gnu99;
				GCC_NO_COMMON_BLOCKS = YES;
				GCC_WARN_64_TO_32_BIT_CONVERSION = YES;
				GCC_WARN_ABOUT_RETURN_TYPE = YES_ERROR;
				GCC_WARN_UNDECLARED_SELECTOR = YES;
				GCC_WARN_UNINITIALIZED_AUTOS = YES_AGGRESSIVE;
				GCC_WARN_UNUSED_FUNCTION = YES;
				GCC_WARN_UNUSED_VARIABLE = YES;
				IPHONEOS_DEPLOYMENT_TARGET = 10.2;
				MTL_ENABLE_DEBUG_INFO = NO;
				SDKROOT = iphoneos;
				VALIDATE_PRODUCT = YES;
			};
			name = Release;
		};
		018DF1DA1E86221D00DE51EA /* Debug */ = {
			isa = XCBuildConfiguration;
			buildSettings = {
				ASSETCATALOG_COMPILER_APPICON_NAME = AppIcon;
				INFOPLIST_FILE = Haru/Info.plist;
				LD_RUNPATH_SEARCH_PATHS = "$(inherited) @executable_path/Frameworks";
				PRODUCT_BUNDLE_IDENTIFIER = com.jcy.developer.Haru;
				PRODUCT_NAME = "$(TARGET_NAME)";
			};
			name = Debug;
		};
		018DF1DB1E86221D00DE51EA /* Release */ = {
			isa = XCBuildConfiguration;
			buildSettings = {
				ASSETCATALOG_COMPILER_APPICON_NAME = AppIcon;
				INFOPLIST_FILE = Haru/Info.plist;
				LD_RUNPATH_SEARCH_PATHS = "$(inherited) @executable_path/Frameworks";
				PRODUCT_BUNDLE_IDENTIFIER = com.jcy.developer.Haru;
				PRODUCT_NAME = "$(TARGET_NAME)";
			};
			name = Release;
		};
/* End XCBuildConfiguration section */

/* Begin XCConfigurationList section */
		018DF1BD1E86221D00DE51EA /* Build configuration list for PBXProject "Haru" */ = {
			isa = XCConfigurationList;
			buildConfigurations = (
				018DF1D71E86221D00DE51EA /* Debug */,
				018DF1D81E86221D00DE51EA /* Release */,
			);
			defaultConfigurationIsVisible = 0;
			defaultConfigurationName = Release;
		};
		018DF1D91E86221D00DE51EA /* Build configuration list for PBXNativeTarget "Haru" */ = {
			isa = XCConfigurationList;
			buildConfigurations = (
				018DF1DA1E86221D00DE51EA /* Debug */,
				018DF1DB1E86221D00DE51EA /* Release */,
			);
			defaultConfigurationIsVisible = 0;
			defaultConfigurationName = Release;
		};
/* End XCConfigurationList section */
	};
	rootObject = 018DF1BA1E86221D00DE51EA /* Project object */;
}
